
Microsoft Visual Studio Solution File, Format Version 12.00
# Visual Studio 14
VisualStudioVersion = 14.0.25123.0
MinimumVisualStudioVersion = 10.0.40219.1
Project("{FAE04EC0-301F-11D3-BF4B-00C04F79EFBC}") = "Skype3D", "Skype3D\Skype3D.csproj", "{E3DF0A92-3F4E-45FA-AEFA-9E34BB3AC285}"
EndProject
Project("{FAE04EC0-301F-11D3-BF4B-00C04F79EFBC}") = "Skype4Sharp", "Skype4Sharp\Skype4Sharp.csproj", "{4875163A-2CE6-4308-90AF-C633CDC3F438}"
EndProject
Project("{FAE04EC0-301F-11D3-BF4B-00C04F79EFBC}") = "Assembly-CSharp-firstpass", "..\..\..\Skype3D\UWP\Assembly-CSharp-firstpass\Assembly-CSharp-firstpass.csproj", "{194D914D-0664-444E-B663-4D0F1C80AF68}"
EndProject
Project("{FAE04EC0-301F-11D3-BF4B-00C04F79EFBC}") = "Assembly-CSharp", "..\..\..\Skype3D\UWP\Assembly-CSharp\Assembly-CSharp.csproj", "{FBA57953-C0C3-F9D8-E86A-9F7C063B5FDE}"
EndProject
Global
	GlobalSection(SolutionConfigurationPlatforms) = preSolution
		Debug|Any CPU = Debug|Any CPU
		Debug|ARM = Debug|ARM
		Debug|x64 = Debug|x64
		Debug|x86 = Debug|x86
		Master|Any CPU = Master|Any CPU
		Master|ARM = Master|ARM
		Master|x64 = Master|x64
		Master|x86 = Master|x86
		Release|Any CPU = Release|Any CPU
		Release|ARM = Release|ARM
		Release|x64 = Release|x64
		Release|x86 = Release|x86
	EndGlobalSection
	GlobalSection(ProjectConfigurationPlatforms) = postSolution
		{E3DF0A92-3F4E-45FA-AEFA-9E34BB3AC285}.Debug|Any CPU.ActiveCfg = Debug|x86
		{E3DF0A92-3F4E-45FA-AEFA-9E34BB3AC285}.Debug|ARM.ActiveCfg = Debug|ARM
		{E3DF0A92-3F4E-45FA-AEFA-9E34BB3AC285}.Debug|ARM.Build.0 = Debug|ARM
		{E3DF0A92-3F4E-45FA-AEFA-9E34BB3AC285}.Debug|ARM.Deploy.0 = Debug|ARM
		{E3DF0A92-3F4E-45FA-AEFA-9E34BB3AC285}.Debug|x64.ActiveCfg = Debug|x64
		{E3DF0A92-3F4E-45FA-AEFA-9E34BB3AC285}.Debug|x64.Build.0 = Debug|x64
		{E3DF0A92-3F4E-45FA-AEFA-9E34BB3AC285}.Debug|x64.Deploy.0 = Debug|x64
		{E3DF0A92-3F4E-45FA-AEFA-9E34BB3AC285}.Debug|x86.ActiveCfg = Debug|x86
		{E3DF0A92-3F4E-45FA-AEFA-9E34BB3AC285}.Debug|x86.Build.0 = Debug|x86
		{E3DF0A92-3F4E-45FA-AEFA-9E34BB3AC285}.Debug|x86.Deploy.0 = Debug|x86
		{E3DF0A92-3F4E-45FA-AEFA-9E34BB3AC285}.Master|Any CPU.ActiveCfg = Release|x64
		{E3DF0A92-3F4E-45FA-AEFA-9E34BB3AC285}.Master|Any CPU.Build.0 = Release|x64
		{E3DF0A92-3F4E-45FA-AEFA-9E34BB3AC285}.Master|Any CPU.Deploy.0 = Release|x64
		{E3DF0A92-3F4E-45FA-AEFA-9E34BB3AC285}.Master|ARM.ActiveCfg = Release|ARM
		{E3DF0A92-3F4E-45FA-AEFA-9E34BB3AC285}.Master|ARM.Build.0 = Release|ARM
		{E3DF0A92-3F4E-45FA-AEFA-9E34BB3AC285}.Master|ARM.Deploy.0 = Release|ARM
		{E3DF0A92-3F4E-45FA-AEFA-9E34BB3AC285}.Master|x64.ActiveCfg = Release|x64
		{E3DF0A92-3F4E-45FA-AEFA-9E34BB3AC285}.Master|x64.Build.0 = Release|x64
		{E3DF0A92-3F4E-45FA-AEFA-9E34BB3AC285}.Master|x64.Deploy.0 = Release|x64
		{E3DF0A92-3F4E-45FA-AEFA-9E34BB3AC285}.Master|x86.ActiveCfg = Release|x86
		{E3DF0A92-3F4E-45FA-AEFA-9E34BB3AC285}.Master|x86.Build.0 = Release|x86
		{E3DF0A92-3F4E-45FA-AEFA-9E34BB3AC285}.Master|x86.Deploy.0 = Release|x86
		{E3DF0A92-3F4E-45FA-AEFA-9E34BB3AC285}.Release|Any CPU.ActiveCfg = Release|x86
		{E3DF0A92-3F4E-45FA-AEFA-9E34BB3AC285}.Release|ARM.ActiveCfg = Release|ARM
		{E3DF0A92-3F4E-45FA-AEFA-9E34BB3AC285}.Release|ARM.Build.0 = Release|ARM
		{E3DF0A92-3F4E-45FA-AEFA-9E34BB3AC285}.Release|ARM.Deploy.0 = Release|ARM
		{E3DF0A92-3F4E-45FA-AEFA-9E34BB3AC285}.Release|x64.ActiveCfg = Release|x64
		{E3DF0A92-3F4E-45FA-AEFA-9E34BB3AC285}.Release|x64.Build.0 = Release|x64
		{E3DF0A92-3F4E-45FA-AEFA-9E34BB3AC285}.Release|x64.Deploy.0 = Release|x64
		{E3DF0A92-3F4E-45FA-AEFA-9E34BB3AC285}.Release|x86.ActiveCfg = Release|x86
		{E3DF0A92-3F4E-45FA-AEFA-9E34BB3AC285}.Release|x86.Build.0 = Release|x86
		{E3DF0A92-3F4E-45FA-AEFA-9E34BB3AC285}.Release|x86.Deploy.0 = Release|x86
		{4875163A-2CE6-4308-90AF-C633CDC3F438}.Debug|Any CPU.ActiveCfg = Debug|Any CPU
		{4875163A-2CE6-4308-90AF-C633CDC3F438}.Debug|Any CPU.Build.0 = Debug|Any CPU
		{4875163A-2CE6-4308-90AF-C633CDC3F438}.Debug|ARM.ActiveCfg = Debug|ARM
		{4875163A-2CE6-4308-90AF-C633CDC3F438}.Debug|ARM.Build.0 = Debug|ARM
		{4875163A-2CE6-4308-90AF-C633CDC3F438}.Debug|x64.ActiveCfg = Debug|x64
		{4875163A-2CE6-4308-90AF-C633CDC3F438}.Debug|x64.Build.0 = Debug|x64
		{4875163A-2CE6-4308-90AF-C633CDC3F438}.Debug|x86.ActiveCfg = Debug|x86
		{4875163A-2CE6-4308-90AF-C633CDC3F438}.Debug|x86.Build.0 = Debug|x86
		{4875163A-2CE6-4308-90AF-C633CDC3F438}.Master|Any CPU.ActiveCfg = Release|Any CPU
		{4875163A-2CE6-4308-90AF-C633CDC3F438}.Master|Any CPU.Build.0 = Release|Any CPU
		{4875163A-2CE6-4308-90AF-C633CDC3F438}.Master|ARM.ActiveCfg = Release|ARM
		{4875163A-2CE6-4308-90AF-C633CDC3F438}.Master|ARM.Build.0 = Release|ARM
		{4875163A-2CE6-4308-90AF-C633CDC3F438}.Master|x64.ActiveCfg = Release|x64
		{4875163A-2CE6-4308-90AF-C633CDC3F438}.Master|x64.Build.0 = Release|x64
		{4875163A-2CE6-4308-90AF-C633CDC3F438}.Master|x86.ActiveCfg = Release|x86
		{4875163A-2CE6-4308-90AF-C633CDC3F438}.Master|x86.Build.0 = Release|x86
		{4875163A-2CE6-4308-90AF-C633CDC3F438}.Release|Any CPU.ActiveCfg = Release|Any CPU
		{4875163A-2CE6-4308-90AF-C633CDC3F438}.Release|Any CPU.Build.0 = Release|Any CPU
		{4875163A-2CE6-4308-90AF-C633CDC3F438}.Release|ARM.ActiveCfg = Release|ARM
		{4875163A-2CE6-4308-90AF-C633CDC3F438}.Release|ARM.Build.0 = Release|ARM
		{4875163A-2CE6-4308-90AF-C633CDC3F438}.Release|x64.ActiveCfg = Release|x64
		{4875163A-2CE6-4308-90AF-C633CDC3F438}.Release|x64.Build.0 = Release|x64
		{4875163A-2CE6-4308-90AF-C633CDC3F438}.Release|x86.ActiveCfg = Release|x86
		{4875163A-2CE6-4308-90AF-C633CDC3F438}.Release|x86.Build.0 = Release|x86
		{194D914D-0664-444E-B663-4D0F1C80AF68}.Debug|Any CPU.ActiveCfg = Debug|x86
		{194D914D-0664-444E-B663-4D0F1C80AF68}.Debug|ARM.ActiveCfg = Debug|ARM
		{194D914D-0664-444E-B663-4D0F1C80AF68}.Debug|ARM.Build.0 = Debug|ARM
		{194D914D-0664-444E-B663-4D0F1C80AF68}.Debug|x64.ActiveCfg = Debug|x64
		{194D914D-0664-444E-B663-4D0F1C80AF68}.Debug|x64.Build.0 = Debug|x64
		{194D914D-0664-444E-B663-4D0F1C80AF68}.Debug|x86.ActiveCfg = Debug|x86
		{194D914D-0664-444E-B663-4D0F1C80AF68}.Debug|x86.Build.0 = Debug|x86
		{194D914D-0664-444E-B663-4D0F1C80AF68}.Master|Any CPU.ActiveCfg = Master|x86
		{194D914D-0664-444E-B663-4D0F1C80AF68}.Master|ARM.ActiveCfg = Master|ARM
		{194D914D-0664-444E-B663-4D0F1C80AF68}.Master|ARM.Build.0 = Master|ARM
		{194D914D-0664-444E-B663-4D0F1C80AF68}.Master|x64.ActiveCfg = Master|x64
		{194D914D-0664-444E-B663-4D0F1C80AF68}.Master|x64.Build.0 = Master|x64
		{194D914D-0664-444E-B663-4D0F1C80AF68}.Master|x86.ActiveCfg = Master|x86
		{194D914D-0664-444E-B663-4D0F1C80AF68}.Master|x86.Build.0 = Master|x86
		{194D914D-0664-444E-B663-4D0F1C80AF68}.Release|Any CPU.ActiveCfg = Release|x86
		{194D914D-0664-444E-B663-4D0F1C80AF68}.Release|ARM.ActiveCfg = Release|ARM
		{194D914D-0664-444E-B663-4D0F1C80AF68}.Release|ARM.Build.0 = Release|ARM
		{194D914D-0664-444E-B663-4D0F1C80AF68}.Release|x64.ActiveCfg = Release|x64
		{194D914D-0664-444E-B663-4D0F1C80AF68}.Release|x64.Build.0 = Release|x64
		{194D914D-0664-444E-B663-4D0F1C80AF68}.Release|x86.ActiveCfg = Release|x86
		{194D914D-0664-444E-B663-4D0F1C80AF68}.Release|x86.Build.0 = Release|x86
		{FBA57953-C0C3-F9D8-E86A-9F7C063B5FDE}.Debug|Any CPU.ActiveCfg = Debug|x86
		{FBA57953-C0C3-F9D8-E86A-9F7C063B5FDE}.Debug|ARM.ActiveCfg = Debug|ARM
		{FBA57953-C0C3-F9D8-E86A-9F7C063B5FDE}.Debug|ARM.Build.0 = Debug|ARM
		{FBA57953-C0C3-F9D8-E86A-9F7C063B5FDE}.Debug|x64.ActiveCfg = Debug|x64
		{FBA57953-C0C3-F9D8-E86A-9F7C063B5FDE}.Debug|x64.Build.0 = Debug|x64
		{FBA57953-C0C3-F9D8-E86A-9F7C063B5FDE}.Debug|x86.ActiveCfg = Debug|x86
		{FBA57953-C0C3-F9D8-E86A-9F7C063B5FDE}.Debug|x86.Build.0 = Debug|x86
		{FBA57953-C0C3-F9D8-E86A-9F7C063B5FDE}.Master|Any CPU.ActiveCfg = Master|x86
		{FBA57953-C0C3-F9D8-E86A-9F7C063B5FDE}.Master|ARM.ActiveCfg = Master|ARM
		{FBA57953-C0C3-F9D8-E86A-9F7C063B5FDE}.Master|ARM.Build.0 = Master|ARM
		{FBA57953-C0C3-F9D8-E86A-9F7C063B5FDE}.Master|x64.ActiveCfg = Master|x64
		{FBA57953-C0C3-F9D8-E86A-9F7C063B5FDE}.Master|x64.Build.0 = Master|x64
		{FBA57953-C0C3-F9D8-E86A-9F7C063B5FDE}.Master|x86.ActiveCfg = Master|x86
		{FBA57953-C0C3-F9D8-E86A-9F7C063B5FDE}.Master|x86.Build.0 = Master|x86
		{FBA57953-C0C3-F9D8-E86A-9F7C063B5FDE}.Release|Any CPU.ActiveCfg = Release|x86
		{FBA57953-C0C3-F9D8-E86A-9F7C063B5FDE}.Release|ARM.ActiveCfg = Release|ARM
		{FBA57953-C0C3-F9D8-E86A-9F7C063B5FDE}.Release|ARM.Build.0 = Release|ARM
		{FBA57953-C0C3-F9D8-E86A-9F7C063B5FDE}.Release|x64.ActiveCfg = Release|x64
		{FBA57953-C0C3-F9D8-E86A-9F7C063B5FDE}.Release|x64.Build.0 = Release|x64
		{FBA57953-C0C3-F9D8-E86A-9F7C063B5FDE}.Release|x86.ActiveCfg = Release|x86
		{FBA57953-C0C3-F9D8-E86A-9F7C063B5FDE}.Release|x86.Build.0 = Release|x86
	EndGlobalSection
	GlobalSection(SolutionProperties) = preSolution
		HideSolutionNode = FALSE
	EndGlobalSection
EndGlobal
